
Microsoft Visual Studio Solution File, Format Version 12.00
# Visual Studio Version 17
VisualStudioVersion = 17.4.33205.214
MinimumVisualStudioVersion = 10.0.40219.1
Project("{FAE04EC0-301F-11D3-BF4B-00C04F79EFBC}") = "CurrencyConverter", "CurrencyConverter\CurrencyConverter.csproj", "{68B41425-776D-4D4D-8AFA-924A534AE8B5}"
EndProject
Project("{FAE04EC0-301F-11D3-BF4B-00C04F79EFBC}") = "CurrencyConverter.Tests", "CurrencyConverter.Tests\CurrencyConverter.Tests.csproj", "{68EBB020-10EA-491C-BDD5-70015C0FCD76}"
EndProject
Global
	GlobalSection(SolutionConfigurationPlatforms) = preSolution
		Debug|Any CPU = Debug|Any CPU
		Release|Any CPU = Release|Any CPU
	EndGlobalSection
	GlobalSection(ProjectConfigurationPlatforms) = postSolution
		{68B41425-776D-4D4D-8AFA-924A534AE8B5}.Debug|Any CPU.ActiveCfg = Debug|Any CPU
		{68B41425-776D-4D4D-8AFA-924A534AE8B5}.Debug|Any CPU.Build.0 = Debug|Any CPU
		{68B41425-776D-4D4D-8AFA-924A534AE8B5}.Release|Any CPU.ActiveCfg = Release|Any CPU
		{68B41425-776D-4D4D-8AFA-924A534AE8B5}.Release|Any CPU.Build.0 = Release|Any CPU
		{68EBB020-10EA-491C-BDD5-70015C0FCD76}.Debug|Any CPU.ActiveCfg = Debug|Any CPU
		{68EBB020-10EA-491C-BDD5-70015C0FCD76}.Debug|Any CPU.Build.0 = Debug|Any CPU
		{68EBB020-10EA-491C-BDD5-70015C0FCD76}.Release|Any CPU.ActiveCfg = Release|Any CPU
		{68EBB020-10EA-491C-BDD5-70015C0FCD76}.Release|Any CPU.Build.0 = Release|Any CPU
	EndGlobalSection
	GlobalSection(SolutionProperties) = preSolution
		HideSolutionNode = FALSE
	EndGlobalSection
	GlobalSection(ExtensibilityGlobals) = postSolution
		SolutionGuid = {95CDC951-5938-49A7-858E-BF61345EC045}
	EndGlobalSection
EndGlobal
